
Microsoft Visual Studio Solution File, Format Version 12.00
# Visual Studio Version 16
VisualStudioVersion = 16.0.32802.440
MinimumVisualStudioVersion = 10.0.40219.1
Project("{2150E333-8FDC-42A3-9474-1A3956D46DE8}") = "Foundation", "Foundation", "{18019A12-F873-47B3-BCAE-F440E3E77358}"
EndProject
Project("{2150E333-8FDC-42A3-9474-1A3956D46DE8}") = "Feature", "Feature", "{A15D8220-F004-4779-BE19-D716707157FC}"
EndProject
Project("{2150E333-8FDC-42A3-9474-1A3956D46DE8}") = "Project", "Project", "{C5E3F3B7-D77A-4194-BB45-33955D5B915E}"
EndProject
Project("{2150E333-8FDC-42A3-9474-1A3956D46DE8}") = "Website", "Website", "{03E7D53E-DECC-45C0-8D99-AA119670BC7A}"
EndProject
Project("{FAE04EC0-301F-11D3-BF4B-00C04F79EFBC}") = "PopDesign.Project.Website", "src\Project\PopDesign.Project.Website\PopDesign.Project.Website.csproj", "{269708ED-0585-477B-BD39-F480A417DBFC}"
EndProject
Project("{2150E333-8FDC-42A3-9474-1A3956D46DE8}") = "Header", "Header", "{747B91B9-6986-419E-8E88-E76DE6CE42B7}"
EndProject
Project("{FAE04EC0-301F-11D3-BF4B-00C04F79EFBC}") = "PopDesign.Feature.Header", "src\Feature\PopDesign.Feature.Header\PopDesign.Feature.Header.csproj", "{73D2898C-C7DA-44C5-9901-09FAB712CE9A}"
EndProject
Project("{2150E333-8FDC-42A3-9474-1A3956D46DE8}") = "Welcome", "Welcome", "{7C742331-B89D-4F8C-A81D-05FDA75F4C3B}"
EndProject
Project("{FAE04EC0-301F-11D3-BF4B-00C04F79EFBC}") = "PopDesign.Feature.Welcome", "PopDesign.Feature.Welcome\PopDesign.Feature.Welcome.csproj", "{C1123E03-26AA-4151-ADD6-D154D6A72E5F}"
EndProject
Project("{2150E333-8FDC-42A3-9474-1A3956D46DE8}") = "Team", "Team", "{B1E5A6A1-F450-4D17-AD9F-315CC026E9A2}"
EndProject
Project("{2150E333-8FDC-42A3-9474-1A3956D46DE8}") = "Work", "Work", "{5F2458A5-A6D3-43D1-BD00-FFD32D44AA10}"
EndProject
Project("{FAE04EC0-301F-11D3-BF4B-00C04F79EFBC}") = "PopDesign.Feature.Team", "src\Feature\Team\PopDesign.Feature.Team\PopDesign.Feature.Team.csproj", "{FD6465DC-C84B-4C17-AF44-FE4A0ECD52DC}"
EndProject
Project("{FAE04EC0-301F-11D3-BF4B-00C04F79EFBC}") = "PopDesign.Feature.Work", "src\Feature\Work\PopDesign.Feature.Work\PopDesign.Feature.Work.csproj", "{690193EB-ADFF-40A3-8BD7-0AF733A8DEDF}"
EndProject
Project("{2150E333-8FDC-42A3-9474-1A3956D46DE8}") = "Contact", "Contact", "{EA04717B-2E38-4509-B2B7-EE71548454E0}"
EndProject
Project("{FAE04EC0-301F-11D3-BF4B-00C04F79EFBC}") = "PopDesign.Feature.Contact", "src\Feature\Contact\PopDesign.Feature.Contact\PopDesign.Feature.Contact.csproj", "{C9B62988-F1AB-401F-8872-D89B4B63D347}"
EndProject
Global
	GlobalSection(SolutionConfigurationPlatforms) = preSolution
		Debug|Any CPU = Debug|Any CPU
		Release|Any CPU = Release|Any CPU
	EndGlobalSection
	GlobalSection(ProjectConfigurationPlatforms) = postSolution
		{269708ED-0585-477B-BD39-F480A417DBFC}.Debug|Any CPU.ActiveCfg = Debug|Any CPU
		{269708ED-0585-477B-BD39-F480A417DBFC}.Debug|Any CPU.Build.0 = Debug|Any CPU
		{269708ED-0585-477B-BD39-F480A417DBFC}.Release|Any CPU.ActiveCfg = Release|Any CPU
		{269708ED-0585-477B-BD39-F480A417DBFC}.Release|Any CPU.Build.0 = Release|Any CPU
		{73D2898C-C7DA-44C5-9901-09FAB712CE9A}.Debug|Any CPU.ActiveCfg = Debug|Any CPU
		{73D2898C-C7DA-44C5-9901-09FAB712CE9A}.Debug|Any CPU.Build.0 = Debug|Any CPU
		{73D2898C-C7DA-44C5-9901-09FAB712CE9A}.Release|Any CPU.ActiveCfg = Release|Any CPU
		{73D2898C-C7DA-44C5-9901-09FAB712CE9A}.Release|Any CPU.Build.0 = Release|Any CPU
		{C1123E03-26AA-4151-ADD6-D154D6A72E5F}.Debug|Any CPU.ActiveCfg = Debug|Any CPU
		{C1123E03-26AA-4151-ADD6-D154D6A72E5F}.Debug|Any CPU.Build.0 = Debug|Any CPU
		{C1123E03-26AA-4151-ADD6-D154D6A72E5F}.Release|Any CPU.ActiveCfg = Release|Any CPU
		{C1123E03-26AA-4151-ADD6-D154D6A72E5F}.Release|Any CPU.Build.0 = Release|Any CPU
		{FD6465DC-C84B-4C17-AF44-FE4A0ECD52DC}.Debug|Any CPU.ActiveCfg = Debug|Any CPU
		{FD6465DC-C84B-4C17-AF44-FE4A0ECD52DC}.Debug|Any CPU.Build.0 = Debug|Any CPU
		{FD6465DC-C84B-4C17-AF44-FE4A0ECD52DC}.Release|Any CPU.ActiveCfg = Release|Any CPU
		{FD6465DC-C84B-4C17-AF44-FE4A0ECD52DC}.Release|Any CPU.Build.0 = Release|Any CPU
		{690193EB-ADFF-40A3-8BD7-0AF733A8DEDF}.Debug|Any CPU.ActiveCfg = Debug|Any CPU
		{690193EB-ADFF-40A3-8BD7-0AF733A8DEDF}.Debug|Any CPU.Build.0 = Debug|Any CPU
		{690193EB-ADFF-40A3-8BD7-0AF733A8DEDF}.Release|Any CPU.ActiveCfg = Release|Any CPU
		{690193EB-ADFF-40A3-8BD7-0AF733A8DEDF}.Release|Any CPU.Build.0 = Release|Any CPU
		{C9B62988-F1AB-401F-8872-D89B4B63D347}.Debug|Any CPU.ActiveCfg = Debug|Any CPU
		{C9B62988-F1AB-401F-8872-D89B4B63D347}.Debug|Any CPU.Build.0 = Debug|Any CPU
		{C9B62988-F1AB-401F-8872-D89B4B63D347}.Release|Any CPU.ActiveCfg = Release|Any CPU
		{C9B62988-F1AB-401F-8872-D89B4B63D347}.Release|Any CPU.Build.0 = Release|Any CPU
	EndGlobalSection
	GlobalSection(SolutionProperties) = preSolution
		HideSolutionNode = FALSE
	EndGlobalSection
	GlobalSection(NestedProjects) = preSolution
		{03E7D53E-DECC-45C0-8D99-AA119670BC7A} = {C5E3F3B7-D77A-4194-BB45-33955D5B915E}
		{269708ED-0585-477B-BD39-F480A417DBFC} = {03E7D53E-DECC-45C0-8D99-AA119670BC7A}
		{747B91B9-6986-419E-8E88-E76DE6CE42B7} = {A15D8220-F004-4779-BE19-D716707157FC}
		{73D2898C-C7DA-44C5-9901-09FAB712CE9A} = {747B91B9-6986-419E-8E88-E76DE6CE42B7}
		{7C742331-B89D-4F8C-A81D-05FDA75F4C3B} = {A15D8220-F004-4779-BE19-D716707157FC}
		{C1123E03-26AA-4151-ADD6-D154D6A72E5F} = {7C742331-B89D-4F8C-A81D-05FDA75F4C3B}
		{B1E5A6A1-F450-4D17-AD9F-315CC026E9A2} = {A15D8220-F004-4779-BE19-D716707157FC}
		{5F2458A5-A6D3-43D1-BD00-FFD32D44AA10} = {A15D8220-F004-4779-BE19-D716707157FC}
		{FD6465DC-C84B-4C17-AF44-FE4A0ECD52DC} = {B1E5A6A1-F450-4D17-AD9F-315CC026E9A2}
		{690193EB-ADFF-40A3-8BD7-0AF733A8DEDF} = {5F2458A5-A6D3-43D1-BD00-FFD32D44AA10}
		{EA04717B-2E38-4509-B2B7-EE71548454E0} = {A15D8220-F004-4779-BE19-D716707157FC}
		{C9B62988-F1AB-401F-8872-D89B4B63D347} = {EA04717B-2E38-4509-B2B7-EE71548454E0}
	EndGlobalSection
	GlobalSection(ExtensibilityGlobals) = postSolution
		SolutionGuid = {64BA4899-AC86-4E89-8BEB-9C54769B4F91}
	EndGlobalSection
EndGlobal
