
Microsoft Visual Studio Solution File, Format Version 12.00
# Visual Studio Version 16
VisualStudioVersion = 16.0.32802.440
MinimumVisualStudioVersion = 10.0.40219.1
Project("{2150E333-8FDC-42A3-9474-1A3956D46DE8}") = "Foundation", "Foundation", "{18019A12-F873-47B3-BCAE-F440E3E77358}"
EndProject
Project("{2150E333-8FDC-42A3-9474-1A3956D46DE8}") = "Feature", "Feature", "{A15D8220-F004-4779-BE19-D716707157FC}"
EndProject
Project("{2150E333-8FDC-42A3-9474-1A3956D46DE8}") = "Project", "Project", "{C5E3F3B7-D77A-4194-BB45-33955D5B915E}"
EndProject
Project("{2150E333-8FDC-42A3-9474-1A3956D46DE8}") = "Website", "Website", "{03E7D53E-DECC-45C0-8D99-AA119670BC7A}"
EndProject
Project("{FAE04EC0-301F-11D3-BF4B-00C04F79EFBC}") = "PopDesign.Project.Website", "src\Project\PopDesign.Project.Website\PopDesign.Project.Website.csproj", "{269708ED-0585-477B-BD39-F480A417DBFC}"
EndProject
Global
	GlobalSection(SolutionConfigurationPlatforms) = preSolution
		Debug|Any CPU = Debug|Any CPU
		Release|Any CPU = Release|Any CPU
	EndGlobalSection
	GlobalSection(ProjectConfigurationPlatforms) = postSolution
		{269708ED-0585-477B-BD39-F480A417DBFC}.Debug|Any CPU.ActiveCfg = Debug|Any CPU
		{269708ED-0585-477B-BD39-F480A417DBFC}.Debug|Any CPU.Build.0 = Debug|Any CPU
		{269708ED-0585-477B-BD39-F480A417DBFC}.Release|Any CPU.ActiveCfg = Release|Any CPU
		{269708ED-0585-477B-BD39-F480A417DBFC}.Release|Any CPU.Build.0 = Release|Any CPU
	EndGlobalSection
	GlobalSection(SolutionProperties) = preSolution
		HideSolutionNode = FALSE
	EndGlobalSection
	GlobalSection(NestedProjects) = preSolution
		{03E7D53E-DECC-45C0-8D99-AA119670BC7A} = {C5E3F3B7-D77A-4194-BB45-33955D5B915E}
		{269708ED-0585-477B-BD39-F480A417DBFC} = {03E7D53E-DECC-45C0-8D99-AA119670BC7A}
	EndGlobalSection
	GlobalSection(ExtensibilityGlobals) = postSolution
		SolutionGuid = {64BA4899-AC86-4E89-8BEB-9C54769B4F91}
	EndGlobalSection
EndGlobal
